
Microsoft Visual Studio Solution File, Format Version 12.00
# Visual Studio Version 17
VisualStudioVersion = 17.11.35222.181
MinimumVisualStudioVersion = 10.0.40219.1
Project("{9A19103F-16F7-4668-BE54-9A1E7A4F7556}") = "COM_PORT_test", "COM_PORT_test.csproj", "{70837811-DABB-4A7E-88DD-486902ACBD5A}"
EndProject
Project("{2150E333-8FDC-42A3-9474-1A3956D46DE8}") = "Solution Items", "Solution Items", "{D91D3DBE-82B1-4123-BCAA-1D90F1712FF0}"
	ProjectSection(SolutionItems) = preProject
		.editorconfig = .editorconfig
	EndProjectSection
EndProject
Global
	GlobalSection(SolutionConfigurationPlatforms) = preSolution
		Debug|Any CPU = Debug|Any CPU
		Release|Any CPU = Release|Any CPU
	EndGlobalSection
	GlobalSection(ProjectConfigurationPlatforms) = postSolution
		{70837811-DABB-4A7E-88DD-486902ACBD5A}.Debug|Any CPU.ActiveCfg = Debug|Any CPU
		{70837811-DABB-4A7E-88DD-486902ACBD5A}.Debug|Any CPU.Build.0 = Debug|Any CPU
		{70837811-DABB-4A7E-88DD-486902ACBD5A}.Release|Any CPU.ActiveCfg = Release|Any CPU
		{70837811-DABB-4A7E-88DD-486902ACBD5A}.Release|Any CPU.Build.0 = Release|Any CPU
	EndGlobalSection
	GlobalSection(SolutionProperties) = preSolution
		HideSolutionNode = FALSE
	EndGlobalSection
	GlobalSection(ExtensibilityGlobals) = postSolution
		SolutionGuid = {5234B894-7E78-4E51-8907-731DB10E31BE}
	EndGlobalSection
EndGlobal
